
Microsoft Visual Studio Solution File, Format Version 12.00
# Visual Studio 2012
Project("{FAE04EC0-301F-11D3-BF4B-00C04F79EFBC}") = "Gyraph.Client", "Gyraph.Client\Gyraph.Client.csproj", "{E71BB3AC-14AB-4662-8728-D9A6AA363781}"
EndProject
Project("{FAE04EC0-301F-11D3-BF4B-00C04F79EFBC}") = "Gyraph.Console", "Gyraph.Console\Gyraph.Console.csproj", "{0B71D458-42E7-4DEE-B16B-EFC742121568}"
EndProject
Global
	GlobalSection(SolutionConfigurationPlatforms) = preSolution
		Debug|Any CPU = Debug|Any CPU
		Release|Any CPU = Release|Any CPU
	EndGlobalSection
	GlobalSection(ProjectConfigurationPlatforms) = postSolution
		{E71BB3AC-14AB-4662-8728-D9A6AA363781}.Debug|Any CPU.ActiveCfg = Debug|Any CPU
		{E71BB3AC-14AB-4662-8728-D9A6AA363781}.Debug|Any CPU.Build.0 = Debug|Any CPU
		{E71BB3AC-14AB-4662-8728-D9A6AA363781}.Release|Any CPU.ActiveCfg = Release|Any CPU
		{E71BB3AC-14AB-4662-8728-D9A6AA363781}.Release|Any CPU.Build.0 = Release|Any CPU
		{0B71D458-42E7-4DEE-B16B-EFC742121568}.Debug|Any CPU.ActiveCfg = Debug|Any CPU
		{0B71D458-42E7-4DEE-B16B-EFC742121568}.Debug|Any CPU.Build.0 = Debug|Any CPU
		{0B71D458-42E7-4DEE-B16B-EFC742121568}.Release|Any CPU.ActiveCfg = Release|Any CPU
		{0B71D458-42E7-4DEE-B16B-EFC742121568}.Release|Any CPU.Build.0 = Release|Any CPU
	EndGlobalSection
	GlobalSection(SolutionProperties) = preSolution
		HideSolutionNode = FALSE
	EndGlobalSection
EndGlobal
